
Microsoft Visual Studio Solution File, Format Version 12.00
# Visual Studio 15
VisualStudioVersion = 15.0.26124.0
MinimumVisualStudioVersion = 15.0.26124.0
Project("{2150E333-8FDC-42A3-9474-1A3956D46DE8}") = "WebApp", "WebApp", "{4E7708B6-5E54-4B67-9AE1-1B4493DCC7BD}"
EndProject
Project("{2150E333-8FDC-42A3-9474-1A3956D46DE8}") = "backend", "backend", "{D1171F05-9801-46DD-A699-9CD6572B53CC}"
EndProject
Project("{FAE04EC0-301F-11D3-BF4B-00C04F79EFBC}") = "Api", "WebApp\backend\Api\Api.csproj", "{28646613-3A1A-4177-AED0-622650172CC7}"
EndProject
Project("{2150E333-8FDC-42A3-9474-1A3956D46DE8}") = "Tests", "Tests", "{74F941F2-7474-45E7-968F-135D3192057B}"
EndProject
Project("{2150E333-8FDC-42A3-9474-1A3956D46DE8}") = "Unit", "Unit", "{97B44C7B-A03E-42EF-BBD0-72F19897B4ED}"
EndProject
Project("{FAE04EC0-301F-11D3-BF4B-00C04F79EFBC}") = "WebAppApi", "Tests\Unit\WebAppApi\WebAppApi.csproj", "{4D520B65-9A2E-498B-847A-894A3AFCFD8C}"
EndProject
Project("{2150E333-8FDC-42A3-9474-1A3956D46DE8}") = "WebApp", "WebApp", "{0FB62824-F21B-472F-81AB-02C578E9A559}"
EndProject
Project("{FAE04EC0-301F-11D3-BF4B-00C04F79EFBC}") = "PurchaseApplication", "Tests\Unit\Domain\PurchaseApplication\PurchaseApplication.csproj", "{6D415D03-C853-46CF-953C-A1787B5B2375}"
EndProject
Project("{2150E333-8FDC-42A3-9474-1A3956D46DE8}") = "PurchaseApplication", "PurchaseApplication", "{7587870E-20FC-4EF4-9651-55EAD7EBC1B2}"
EndProject
Project("{FAE04EC0-301F-11D3-BF4B-00C04F79EFBC}") = "Domain", "PurchaseApplication\Domain\Domain.csproj", "{DBE9931F-4B11-4053-9A1F-36C8A20A2CDB}"
EndProject
Global
	GlobalSection(SolutionConfigurationPlatforms) = preSolution
		Debug|Any CPU = Debug|Any CPU
		Debug|x64 = Debug|x64
		Debug|x86 = Debug|x86
		Release|Any CPU = Release|Any CPU
		Release|x64 = Release|x64
		Release|x86 = Release|x86
	EndGlobalSection
	GlobalSection(SolutionProperties) = preSolution
		HideSolutionNode = FALSE
	EndGlobalSection
	GlobalSection(ProjectConfigurationPlatforms) = postSolution
		{28646613-3A1A-4177-AED0-622650172CC7}.Debug|Any CPU.ActiveCfg = Debug|Any CPU
		{28646613-3A1A-4177-AED0-622650172CC7}.Debug|Any CPU.Build.0 = Debug|Any CPU
		{28646613-3A1A-4177-AED0-622650172CC7}.Debug|x64.ActiveCfg = Debug|Any CPU
		{28646613-3A1A-4177-AED0-622650172CC7}.Debug|x64.Build.0 = Debug|Any CPU
		{28646613-3A1A-4177-AED0-622650172CC7}.Debug|x86.ActiveCfg = Debug|Any CPU
		{28646613-3A1A-4177-AED0-622650172CC7}.Debug|x86.Build.0 = Debug|Any CPU
		{28646613-3A1A-4177-AED0-622650172CC7}.Release|Any CPU.ActiveCfg = Release|Any CPU
		{28646613-3A1A-4177-AED0-622650172CC7}.Release|Any CPU.Build.0 = Release|Any CPU
		{28646613-3A1A-4177-AED0-622650172CC7}.Release|x64.ActiveCfg = Release|Any CPU
		{28646613-3A1A-4177-AED0-622650172CC7}.Release|x64.Build.0 = Release|Any CPU
		{28646613-3A1A-4177-AED0-622650172CC7}.Release|x86.ActiveCfg = Release|Any CPU
		{28646613-3A1A-4177-AED0-622650172CC7}.Release|x86.Build.0 = Release|Any CPU
		{4D520B65-9A2E-498B-847A-894A3AFCFD8C}.Debug|Any CPU.ActiveCfg = Debug|Any CPU
		{4D520B65-9A2E-498B-847A-894A3AFCFD8C}.Debug|Any CPU.Build.0 = Debug|Any CPU
		{4D520B65-9A2E-498B-847A-894A3AFCFD8C}.Debug|x64.ActiveCfg = Debug|Any CPU
		{4D520B65-9A2E-498B-847A-894A3AFCFD8C}.Debug|x64.Build.0 = Debug|Any CPU
		{4D520B65-9A2E-498B-847A-894A3AFCFD8C}.Debug|x86.ActiveCfg = Debug|Any CPU
		{4D520B65-9A2E-498B-847A-894A3AFCFD8C}.Debug|x86.Build.0 = Debug|Any CPU
		{4D520B65-9A2E-498B-847A-894A3AFCFD8C}.Release|Any CPU.ActiveCfg = Release|Any CPU
		{4D520B65-9A2E-498B-847A-894A3AFCFD8C}.Release|Any CPU.Build.0 = Release|Any CPU
		{4D520B65-9A2E-498B-847A-894A3AFCFD8C}.Release|x64.ActiveCfg = Release|Any CPU
		{4D520B65-9A2E-498B-847A-894A3AFCFD8C}.Release|x64.Build.0 = Release|Any CPU
		{4D520B65-9A2E-498B-847A-894A3AFCFD8C}.Release|x86.ActiveCfg = Release|Any CPU
		{4D520B65-9A2E-498B-847A-894A3AFCFD8C}.Release|x86.Build.0 = Release|Any CPU
		{6D415D03-C853-46CF-953C-A1787B5B2375}.Debug|Any CPU.ActiveCfg = Debug|Any CPU
		{6D415D03-C853-46CF-953C-A1787B5B2375}.Debug|Any CPU.Build.0 = Debug|Any CPU
		{6D415D03-C853-46CF-953C-A1787B5B2375}.Debug|x64.ActiveCfg = Debug|Any CPU
		{6D415D03-C853-46CF-953C-A1787B5B2375}.Debug|x64.Build.0 = Debug|Any CPU
		{6D415D03-C853-46CF-953C-A1787B5B2375}.Debug|x86.ActiveCfg = Debug|Any CPU
		{6D415D03-C853-46CF-953C-A1787B5B2375}.Debug|x86.Build.0 = Debug|Any CPU
		{6D415D03-C853-46CF-953C-A1787B5B2375}.Release|Any CPU.ActiveCfg = Release|Any CPU
		{6D415D03-C853-46CF-953C-A1787B5B2375}.Release|Any CPU.Build.0 = Release|Any CPU
		{6D415D03-C853-46CF-953C-A1787B5B2375}.Release|x64.ActiveCfg = Release|Any CPU
		{6D415D03-C853-46CF-953C-A1787B5B2375}.Release|x64.Build.0 = Release|Any CPU
		{6D415D03-C853-46CF-953C-A1787B5B2375}.Release|x86.ActiveCfg = Release|Any CPU
		{6D415D03-C853-46CF-953C-A1787B5B2375}.Release|x86.Build.0 = Release|Any CPU
		{DBE9931F-4B11-4053-9A1F-36C8A20A2CDB}.Debug|Any CPU.ActiveCfg = Debug|Any CPU
		{DBE9931F-4B11-4053-9A1F-36C8A20A2CDB}.Debug|Any CPU.Build.0 = Debug|Any CPU
		{DBE9931F-4B11-4053-9A1F-36C8A20A2CDB}.Debug|x64.ActiveCfg = Debug|Any CPU
		{DBE9931F-4B11-4053-9A1F-36C8A20A2CDB}.Debug|x64.Build.0 = Debug|Any CPU
		{DBE9931F-4B11-4053-9A1F-36C8A20A2CDB}.Debug|x86.ActiveCfg = Debug|Any CPU
		{DBE9931F-4B11-4053-9A1F-36C8A20A2CDB}.Debug|x86.Build.0 = Debug|Any CPU
		{DBE9931F-4B11-4053-9A1F-36C8A20A2CDB}.Release|Any CPU.ActiveCfg = Release|Any CPU
		{DBE9931F-4B11-4053-9A1F-36C8A20A2CDB}.Release|Any CPU.Build.0 = Release|Any CPU
		{DBE9931F-4B11-4053-9A1F-36C8A20A2CDB}.Release|x64.ActiveCfg = Release|Any CPU
		{DBE9931F-4B11-4053-9A1F-36C8A20A2CDB}.Release|x64.Build.0 = Release|Any CPU
		{DBE9931F-4B11-4053-9A1F-36C8A20A2CDB}.Release|x86.ActiveCfg = Release|Any CPU
		{DBE9931F-4B11-4053-9A1F-36C8A20A2CDB}.Release|x86.Build.0 = Release|Any CPU
	EndGlobalSection
	GlobalSection(NestedProjects) = preSolution
		{D1171F05-9801-46DD-A699-9CD6572B53CC} = {4E7708B6-5E54-4B67-9AE1-1B4493DCC7BD}
		{28646613-3A1A-4177-AED0-622650172CC7} = {D1171F05-9801-46DD-A699-9CD6572B53CC}
		{97B44C7B-A03E-42EF-BBD0-72F19897B4ED} = {74F941F2-7474-45E7-968F-135D3192057B}
		{0FB62824-F21B-472F-81AB-02C578E9A559} = {97B44C7B-A03E-42EF-BBD0-72F19897B4ED}
		{4D520B65-9A2E-498B-847A-894A3AFCFD8C} = {0FB62824-F21B-472F-81AB-02C578E9A559}
		{DBE9931F-4B11-4053-9A1F-36C8A20A2CDB} = {7587870E-20FC-4EF4-9651-55EAD7EBC1B2}
	EndGlobalSection
EndGlobal
